// !$*UTF8*$!
{
	archiveVersion = 1;
	classes = {
	};
	objectVersion = 46;
	objects = {

/* Begin PBXBuildFile section */
		9A674B2519FCDDEF00459C79 /* AppDelegate.swift in Sources */ = {isa = PBXBuildFile; fileRef = 9A674B2419FCDDEF00459C79 /* AppDelegate.swift */; };
		9A674B2719FCDDEF00459C79 /* ViewController.swift in Sources */ = {isa = PBXBuildFile; fileRef = 9A674B2619FCDDEF00459C79 /* ViewController.swift */; };
		9A674B2A19FCDDEF00459C79 /* Main.storyboard in Resources */ = {isa = PBXBuildFile; fileRef = 9A674B2819FCDDEF00459C79 /* Main.storyboard */; };
		9A674B2C19FCDDEF00459C79 /* Images.xcassets in Resources */ = {isa = PBXBuildFile; fileRef = 9A674B2B19FCDDEF00459C79 /* Images.xcassets */; };
		9A674B2F19FCDDEF00459C79 /* LaunchScreen.xib in Resources */ = {isa = PBXBuildFile; fileRef = 9A674B2D19FCDDEF00459C79 /* LaunchScreen.xib */; };
		9A674B3B19FCDDF000459C79 /* ProductTests.swift in Sources */ = {isa = PBXBuildFile; fileRef = 9A674B3A19FCDDF000459C79 /* ProductTests.swift */; };
/* End PBXBuildFile section */

/* Begin PBXContainerItemProxy section */
		9A674B3519FCDDF000459C79 /* PBXContainerItemProxy */ = {
			isa = PBXContainerItemProxy;
			containerPortal = 9A674B1719FCDDEF00459C79 /* Project object */;
			proxyType = 1;
			remoteGlobalIDString = 9A674B1E19FCDDEF00459C79;
			remoteInfo = Product;
		};
/* End PBXContainerItemProxy section */

/* Begin PBXFileReference section */
		9A674B1F19FCDDEF00459C79 /* Product.app */ = {isa = PBXFileReference; explicitFileType = wrapper.application; includeInIndex = 0; path = Product.app; sourceTree = BUILT_PRODUCTS_DIR; };
		9A674B2319FCDDEF00459C79 /* Info.plist */ = {isa = PBXFileReference; lastKnownFileType = text.plist.xml; path = Info.plist; sourceTree = "<group>"; };
		9A674B2419FCDDEF00459C79 /* AppDelegate.swift */ = {isa = PBXFileReference; lastKnownFileType = sourcecode.swift; path = AppDelegate.swift; sourceTree = "<group>"; };
		9A674B2619FCDDEF00459C79 /* ViewController.swift */ = {isa = PBXFileReference; lastKnownFileType = sourcecode.swift; path = ViewController.swift; sourceTree = "<group>"; };
		9A674B2919FCDDEF00459C79 /* Base */ = {isa = PBXFileReference; lastKnownFileType = file.storyboard; name = Base; path = Base.lproj/Main.storyboard; sourceTree = "<group>"; };
		9A674B2B19FCDDEF00459C79 /* Images.xcassets */ = {isa = PBXFileReference; lastKnownFileType = folder.assetcatalog; path = Images.xcassets; sourceTree = "<group>"; };
		9A674B2E19FCDDEF00459C79 /* Base */ = {isa = PBXFileReference; lastKnownFileType = file.xib; name = Base; path = Base.lproj/LaunchScreen.xib; sourceTree = "<group>"; };
		9A674B3419FCDDF000459C79 /* ProductTests.xctest */ = {isa = PBXFileReference; explicitFileType = wrapper.cfbundle; includeInIndex = 0; path = ProductTests.xctest; sourceTree = BUILT_PRODUCTS_DIR; };
		9A674B3919FCDDF000459C79 /* Info.plist */ = {isa = PBXFileReference; lastKnownFileType = text.plist.xml; path = Info.plist; sourceTree = "<group>"; };
		9A674B3A19FCDDF000459C79 /* ProductTests.swift */ = {isa = PBXFileReference; lastKnownFileType = sourcecode.swift; path = ProductTests.swift; sourceTree = "<group>"; };
/* End PBXFileReference section */

/* Begin PBXFrameworksBuildPhase section */
		9A674B1C19FCDDEF00459C79 /* Frameworks */ = {
			isa = PBXFrameworksBuildPhase;
			buildActionMask = 2147483647;
			files = (
			);
			runOnlyForDeploymentPostprocessing = 0;
		};
		9A674B3119FCDDF000459C79 /* Frameworks */ = {
			isa = PBXFrameworksBuildPhase;
			buildActionMask = 2147483647;
			files = (
			);
			runOnlyForDeploymentPostprocessing = 0;
		};
/* End PBXFrameworksBuildPhase section */

/* Begin PBXGroup section */
		9A674B1619FCDDEF00459C79 = {
			isa = PBXGroup;
			children = (
				9A674B2119FCDDEF00459C79 /* Product */,
				9A674B3719FCDDF000459C79 /* ProductTests */,
				9A674B2019FCDDEF00459C79 /* Products */,
			);
			sourceTree = "<group>";
		};
		9A674B2019FCDDEF00459C79 /* Products */ = {
			isa = PBXGroup;
			children = (
				9A674B1F19FCDDEF00459C79 /* Product.app */,
				9A674B3419FCDDF000459C79 /* ProductTests.xctest */,
			);
			name = Products;
			sourceTree = "<group>";
		};
		9A674B2119FCDDEF00459C79 /* Product */ = {
			isa = PBXGroup;
			children = (
				9A674B2419FCDDEF00459C79 /* AppDelegate.swift */,
				9A674B2619FCDDEF00459C79 /* ViewController.swift */,
				9A674B2819FCDDEF00459C79 /* Main.storyboard */,
				9A674B2B19FCDDEF00459C79 /* Images.xcassets */,
				9A674B2D19FCDDEF00459C79 /* LaunchScreen.xib */,
				9A674B2219FCDDEF00459C79 /* Supporting Files */,
			);
			path = Product;
			sourceTree = "<group>";
		};
		9A674B2219FCDDEF00459C79 /* Supporting Files */ = {
			isa = PBXGroup;
			children = (
				9A674B2319FCDDEF00459C79 /* Info.plist */,
			);
			name = "Supporting Files";
			sourceTree = "<group>";
		};
		9A674B3719FCDDF000459C79 /* ProductTests */ = {
			isa = PBXGroup;
			children = (
				9A674B3A19FCDDF000459C79 /* ProductTests.swift */,
				9A674B3819FCDDF000459C79 /* Supporting Files */,
			);
			path = ProductTests;
			sourceTree = "<group>";
		};
		9A674B3819FCDDF000459C79 /* Supporting Files */ = {
			isa = PBXGroup;
			children = (
				9A674B3919FCDDF000459C79 /* Info.plist */,
			);
			name = "Supporting Files";
			sourceTree = "<group>";
		};
/* End PBXGroup section */

/* Begin PBXNativeTarget section */
		9A674B1E19FCDDEF00459C79 /* Product */ = {
			isa = PBXNativeTarget;
			buildConfigurationList = 9A674B3E19FCDDF000459C79 /* Build configuration list for PBXNativeTarget "Product" */;
			buildPhases = (
				9A674B1B19FCDDEF00459C79 /* Sources */,
				9A674B1C19FCDDEF00459C79 /* Frameworks */,
				9A674B1D19FCDDEF00459C79 /* Resources */,
			);
			buildRules = (
			);
			dependencies = (
			);
			name = Product;
			productName = Product;
			productReference = 9A674B1F19FCDDEF00459C79 /* Product.app */;
			productType = "com.apple.product-type.application";
		};
		9A674B3319FCDDF000459C79 /* ProductTests */ = {
			isa = PBXNativeTarget;
			buildConfigurationList = 9A674B4119FCDDF000459C79 /* Build configuration list for PBXNativeTarget "ProductTests" */;
			buildPhases = (
				9A674B3019FCDDF000459C79 /* Sources */,
				9A674B3119FCDDF000459C79 /* Frameworks */,
				9A674B3219FCDDF000459C79 /* Resources */,
			);
			buildRules = (
			);
			dependencies = (
				9A674B3619FCDDF000459C79 /* PBXTargetDependency */,
			);
			name = ProductTests;
			productName = ProductTests;
			productReference = 9A674B3419FCDDF000459C79 /* ProductTests.xctest */;
			productType = "com.apple.product-type.bundle.unit-test";
		};
/* End PBXNativeTarget section */

/* Begin PBXProject section */
		9A674B1719FCDDEF00459C79 /* Project object */ = {
			isa = PBXProject;
			attributes = {
				LastUpgradeCheck = 0610;
				ORGANIZATIONNAME = "Wayne Kloeden";
				TargetAttributes = {
					9A674B1E19FCDDEF00459C79 = {
						CreatedOnToolsVersion = 6.1;
					};
					9A674B3319FCDDF000459C79 = {
						CreatedOnToolsVersion = 6.1;
						TestTargetID = 9A674B1E19FCDDEF00459C79;
					};
				};
			};
			buildConfigurationList = 9A674B1A19FCDDEF00459C79 /* Build configuration list for PBXProject "Product" */;
			compatibilityVersion = "Xcode 3.2";
			developmentRegion = English;
			hasScannedForEncodings = 0;
			knownRegions = (
				en,
				Base,
			);
			mainGroup = 9A674B1619FCDDEF00459C79;
			productRefGroup = 9A674B2019FCDDEF00459C79 /* Products */;
			projectDirPath = "";
			projectRoot = "";
			targets = (
				9A674B1E19FCDDEF00459C79 /* Product */,
				9A674B3319FCDDF000459C79 /* ProductTests */,
			);
		};
/* End PBXProject section */

/* Begin PBXResourcesBuildPhase section */
		9A674B1D19FCDDEF00459C79 /* Resources */ = {
			isa = PBXResourcesBuildPhase;
			buildActionMask = 2147483647;
			files = (
				9A674B2A19FCDDEF00459C79 /* Main.storyboard in Resources */,
				9A674B2F19FCDDEF00459C79 /* LaunchScreen.xib in Resources */,
				9A674B2C19FCDDEF00459C79 /* Images.xcassets in Resources */,
			);
			runOnlyForDeploymentPostprocessing = 0;
		};
		9A674B3219FCDDF000459C79 /* Resources */ = {
			isa = PBXResourcesBuildPhase;
			buildActionMask = 2147483647;
			files = (
			);
			runOnlyForDeploymentPostprocessing = 0;
		};
/* End PBXResourcesBuildPhase section */

/* Begin PBXSourcesBuildPhase section */
		9A674B1B19FCDDEF00459C79 /* Sources */ = {
			isa = PBXSourcesBuildPhase;
			buildActionMask = 2147483647;
			files = (
				9A674B2719FCDDEF00459C79 /* ViewController.swift in Sources */,
				9A674B2519FCDDEF00459C79 /* AppDelegate.swift in Sources */,
			);
			runOnlyForDeploymentPostprocessing = 0;
		};
		9A674B3019FCDDF000459C79 /* Sources */ = {
			isa = PBXSourcesBuildPhase;
			buildActionMask = 2147483647;
			files = (
				9A674B3B19FCDDF000459C79 /* ProductTests.swift in Sources */,
			);
			runOnlyForDeploymentPostprocessing = 0;
		};
/* End PBXSourcesBuildPhase section */

/* Begin PBXTargetDependency section */
		9A674B3619FCDDF000459C79 /* PBXTargetDependency */ = {
			isa = PBXTargetDependency;
			target = 9A674B1E19FCDDEF00459C79 /* Product */;
			targetProxy = 9A674B3519FCDDF000459C79 /* PBXContainerItemProxy */;
		};
/* End PBXTargetDependency section */

/* Begin PBXVariantGroup section */
		9A674B2819FCDDEF00459C79 /* Main.storyboard */ = {
			isa = PBXVariantGroup;
			children = (
				9A674B2919FCDDEF00459C79 /* Base */,
			);
			name = Main.storyboard;
			sourceTree = "<group>";
		};
		9A674B2D19FCDDEF00459C79 /* LaunchScreen.xib */ = {
			isa = PBXVariantGroup;
			children = (
				9A674B2E19FCDDEF00459C79 /* Base */,
			);
			name = LaunchScreen.xib;
			sourceTree = "<group>";
		};
/* End PBXVariantGroup section */

/* Begin XCBuildConfiguration section */
		9A674B3C19FCDDF000459C79 /* Debug */ = {
			isa = XCBuildConfiguration;
			buildSettings = {
				ALWAYS_SEARCH_USER_PATHS = NO;
				CLANG_CXX_LANGUAGE_STANDARD = "gnu++0x";
				CLANG_CXX_LIBRARY = "libc++";
				CLANG_ENABLE_MODULES = YES;
				CLANG_ENABLE_OBJC_ARC = YES;
				CLANG_WARN_BOOL_CONVERSION = YES;
				CLANG_WARN_CONSTANT_CONVERSION = YES;
				CLANG_WARN_DIRECT_OBJC_ISA_USAGE = YES_ERROR;
				CLANG_WARN_EMPTY_BODY = YES;
				CLANG_WARN_ENUM_CONVERSION = YES;
				CLANG_WARN_INT_CONVERSION = YES;
				CLANG_WARN_OBJC_ROOT_CLASS = YES_ERROR;
				CLANG_WARN_UNREACHABLE_CODE = YES;
				CLANG_WARN__DUPLICATE_METHOD_MATCH = YES;
				"CODE_SIGN_IDENTITY[sdk=iphoneos*]" = "iPhone Developer";
				COPY_PHASE_STRIP = NO;
				ENABLE_STRICT_OBJC_MSGSEND = YES;
				GCC_C_LANGUAGE_STANDARD = gnu99;
				GCC_DYNAMIC_NO_PIC = NO;
				GCC_OPTIMIZATION_LEVEL = 0;
				GCC_PREPROCESSOR_DEFINITIONS = (
					"DEBUG=1",
					"$(inherited)",
				);
				GCC_SYMBOLS_PRIVATE_EXTERN = NO;
				GCC_WARN_64_TO_32_BIT_CONVERSION = YES;
				GCC_WARN_ABOUT_RETURN_TYPE = YES_ERROR;
				GCC_WARN_UNDECLARED_SELECTOR = YES;
				GCC_WARN_UNINITIALIZED_AUTOS = YES_AGGRESSIVE;
				GCC_WARN_UNUSED_FUNCTION = YES;
				GCC_WARN_UNUSED_VARIABLE = YES;
				IPHONEOS_DEPLOYMENT_TARGET = 8.1;
				MTL_ENABLE_DEBUG_INFO = YES;
				ONLY_ACTIVE_ARCH = YES;
				SDKROOT = iphoneos;
				SWIFT_OPTIMIZATION_LEVEL = "-Onone";
				TARGETED_DEVICE_FAMILY = "1,2";
			};
			name = Debug;
		};
		9A674B3D19FCDDF000459C79 /* Release */ = {
			isa = XCBuildConfiguration;
			buildSettings = {
				ALWAYS_SEARCH_USER_PATHS = NO;
				CLANG_CXX_LANGUAGE_STANDARD = "gnu++0x";
				CLANG_CXX_LIBRARY = "libc++";
				CLANG_ENABLE_MODULES = YES;
				CLANG_ENABLE_OBJC_ARC = YES;
				CLANG_WARN_BOOL_CONVERSION = YES;
				CLANG_WARN_CONSTANT_CONVERSION = YES;
				CLANG_WARN_DIRECT_OBJC_ISA_USAGE = YES_ERROR;
				CLANG_WARN_EMPTY_BODY = YES;
				CLANG_WARN_ENUM_CONVERSION = YES;
				CLANG_WARN_INT_CONVERSION = YES;
				CLANG_WARN_OBJC_ROOT_CLASS = YES_ERROR;
				CLANG_WARN_UNREACHABLE_CODE = YES;
				CLANG_WARN__DUPLICATE_METHOD_MATCH = YES;
				"CODE_SIGN_IDENTITY[sdk=iphoneos*]" = "iPhone Developer";
				COPY_PHASE_STRIP = YES;
				ENABLE_NS_ASSERTIONS = NO;
				ENABLE_STRICT_OBJC_MSGSEND = YES;
				GCC_C_LANGUAGE_STANDARD = gnu99;
				GCC_WARN_64_TO_32_BIT_CONVERSION = YES;
				GCC_WARN_ABOUT_RETURN_TYPE = YES_ERROR;
				GCC_WARN_UNDECLARED_SELECTOR = YES;
				GCC_WARN_UNINITIALIZED_AUTOS = YES_AGGRESSIVE;
				GCC_WARN_UNUSED_FUNCTION = YES;
				GCC_WARN_UNUSED_VARIABLE = YES;
				IPHONEOS_DEPLOYMENT_TARGET = 8.1;
				MTL_ENABLE_DEBUG_INFO = NO;
				SDKROOT = iphoneos;
				TARGETED_DEVICE_FAMILY = "1,2";
				VALIDATE_PRODUCT = YES;
			};
			name = Release;
		};
		9A674B3F19FCDDF000459C79 /* Debug */ = {
			isa = XCBuildConfiguration;
			buildSettings = {
				ASSETCATALOG_COMPILER_APPICON_NAME = AppIcon;
				INFOPLIST_FILE = Product/Info.plist;
				LD_RUNPATH_SEARCH_PATHS = "$(inherited) @executable_path/Frameworks";
				PRODUCT_NAME = "$(TARGET_NAME)";
			};
			name = Debug;
		};
		9A674B4019FCDDF000459C79 /* Release */ = {
			isa = XCBuildConfiguration;
			buildSettings = {
				ASSETCATALOG_COMPILER_APPICON_NAME = AppIcon;
				INFOPLIST_FILE = Product/Info.plist;
				LD_RUNPATH_SEARCH_PATHS = "$(inherited) @executable_path/Frameworks";
				PRODUCT_NAME = "$(TARGET_NAME)";
			};
			name = Release;
		};
		9A674B4219FCDDF000459C79 /* Debug */ = {
			isa = XCBuildConfiguration;
			buildSettings = {
				BUNDLE_LOADER = "$(TEST_HOST)";
				FRAMEWORK_SEARCH_PATHS = (
					"$(SDKROOT)/Developer/Library/Frameworks",
					"$(inherited)",
				);
				GCC_PREPROCESSOR_DEFINITIONS = (
					"DEBUG=1",
					"$(inherited)",
				);
				INFOPLIST_FILE = ProductTests/Info.plist;
				LD_RUNPATH_SEARCH_PATHS = "$(inherited) @executable_path/Frameworks @loader_path/Frameworks";
				PRODUCT_NAME = "$(TARGET_NAME)";
				TEST_HOST = "$(BUILT_PRODUCTS_DIR)/Product.app/Product";
			};
			name = Debug;
		};
		9A674B4319FCDDF000459C79 /* Release */ = {
			isa = XCBuildConfiguration;
			buildSettings = {
				BUNDLE_LOADER = "$(TEST_HOST)";
				FRAMEWORK_SEARCH_PATHS = (
					"$(SDKROOT)/Developer/Library/Frameworks",
					"$(inherited)",
				);
				INFOPLIST_FILE = ProductTests/Info.plist;
				LD_RUNPATH_SEARCH_PATHS = "$(inherited) @executable_path/Frameworks @loader_path/Frameworks";
				PRODUCT_NAME = "$(TARGET_NAME)";
				TEST_HOST = "$(BUILT_PRODUCTS_DIR)/Product.app/Product";
			};
			name = Release;
		};
/* End XCBuildConfiguration section */

/* Begin XCConfigurationList section */
		9A674B1A19FCDDEF00459C79 /* Build configuration list for PBXProject "Product" */ = {
			isa = XCConfigurationList;
			buildConfigurations = (
				9A674B3C19FCDDF000459C79 /* Debug */,
				9A674B3D19FCDDF000459C79 /* Release */,
			);
			defaultConfigurationIsVisible = 0;
			defaultConfigurationName = Release;
		};
		9A674B3E19FCDDF000459C79 /* Build configuration list for PBXNativeTarget "Product" */ = {
			isa = XCConfigurationList;
			buildConfigurations = (
				9A674B3F19FCDDF000459C79 /* Debug */,
				9A674B4019FCDDF000459C79 /* Release */,
			);
			defaultConfigurationIsVisible = 0;
		};
		9A674B4119FCDDF000459C79 /* Build configuration list for PBXNativeTarget "ProductTests" */ = {
			isa = XCConfigurationList;
			buildConfigurations = (
				9A674B4219FCDDF000459C79 /* Debug */,
				9A674B4319FCDDF000459C79 /* Release */,
			);
			defaultConfigurationIsVisible = 0;
		};
/* End XCConfigurationList section */
	};
	rootObject = 9A674B1719FCDDEF00459C79 /* Project object */;
}
